// !$*UTF8*$!
{
	archiveVersion = 1;
	classes = {
	};
	objectVersion = 50;
	objects = {

/* Begin PBXBuildFile section */
		836E57A92524536A00FE54FD /* AppDelegate.swift in Sources */ = {isa = PBXBuildFile; fileRef = 836E57A82524536A00FE54FD /* AppDelegate.swift */; };
		836E57AB2524536A00FE54FD /* SceneDelegate.swift in Sources */ = {isa = PBXBuildFile; fileRef = 836E57AA2524536A00FE54FD /* SceneDelegate.swift */; };
		836E57AD2524536A00FE54FD /* ContentView.swift in Sources */ = {isa = PBXBuildFile; fileRef = 836E57AC2524536A00FE54FD /* ContentView.swift */; };
		836E57AF2524536E00FE54FD /* Assets.xcassets in Resources */ = {isa = PBXBuildFile; fileRef = 836E57AE2524536E00FE54FD /* Assets.xcassets */; };
		836E57B22524536E00FE54FD /* Preview Assets.xcassets in Resources */ = {isa = PBXBuildFile; fileRef = 836E57B12524536E00FE54FD /* Preview Assets.xcassets */; };
		836E57B52524536E00FE54FD /* LaunchScreen.storyboard in Resources */ = {isa = PBXBuildFile; fileRef = 836E57B32524536E00FE54FD /* LaunchScreen.storyboard */; };
		836E57BE252453F400FE54FD /* myWebView.swift in Sources */ = {isa = PBXBuildFile; fileRef = 836E57BD252453F400FE54FD /* myWebView.swift */; };
/* End PBXBuildFile section */

/* Begin PBXFileReference section */
		836E57A52524536A00FE54FD /* SwiftUI_Webview_tutorial.app */ = {isa = PBXFileReference; explicitFileType = wrapper.application; includeInIndex = 0; path = SwiftUI_Webview_tutorial.app; sourceTree = BUILT_PRODUCTS_DIR; };
		836E57A82524536A00FE54FD /* AppDelegate.swift */ = {isa = PBXFileReference; lastKnownFileType = sourcecode.swift; path = AppDelegate.swift; sourceTree = "<group>"; };
		836E57AA2524536A00FE54FD /* SceneDelegate.swift */ = {isa = PBXFileReference; lastKnownFileType = sourcecode.swift; path = SceneDelegate.swift; sourceTree = "<group>"; };
		836E57AC2524536A00FE54FD /* ContentView.swift */ = {isa = PBXFileReference; lastKnownFileType = sourcecode.swift; path = ContentView.swift; sourceTree = "<group>"; };
		836E57AE2524536E00FE54FD /* Assets.xcassets */ = {isa = PBXFileReference; lastKnownFileType = folder.assetcatalog; path = Assets.xcassets; sourceTree = "<group>"; };
		836E57B12524536E00FE54FD /* Preview Assets.xcassets */ = {isa = PBXFileReference; lastKnownFileType = folder.assetcatalog; path = "Preview Assets.xcassets"; sourceTree = "<group>"; };
		836E57B42524536E00FE54FD /* Base */ = {isa = PBXFileReference; lastKnownFileType = file.storyboard; name = Base; path = Base.lproj/LaunchScreen.storyboard; sourceTree = "<group>"; };
		836E57B62524536E00FE54FD /* Info.plist */ = {isa = PBXFileReference; lastKnownFileType = text.plist.xml; path = Info.plist; sourceTree = "<group>"; };
		836E57BD252453F400FE54FD /* myWebView.swift */ = {isa = PBXFileReference; lastKnownFileType = sourcecode.swift; path = myWebView.swift; sourceTree = "<group>"; };
/* End PBXFileReference section */

/* Begin PBXFrameworksBuildPhase section */
		836E57A22524536A00FE54FD /* Frameworks */ = {
			isa = PBXFrameworksBuildPhase;
			buildActionMask = 2147483647;
			files = (
			);
			runOnlyForDeploymentPostprocessing = 0;
		};
/* End PBXFrameworksBuildPhase section */

/* Begin PBXGroup section */
		836E579C2524536A00FE54FD = {
			isa = PBXGroup;
			children = (
				836E57A72524536A00FE54FD /* SwiftUI_Webview_tutorial */,
				836E57A62524536A00FE54FD /* Products */,
			);
			sourceTree = "<group>";
		};
		836E57A62524536A00FE54FD /* Products */ = {
			isa = PBXGroup;
			children = (
				836E57A52524536A00FE54FD /* SwiftUI_Webview_tutorial.app */,
			);
			name = Products;
			sourceTree = "<group>";
		};
		836E57A72524536A00FE54FD /* SwiftUI_Webview_tutorial */ = {
			isa = PBXGroup;
			children = (
				836E57A82524536A00FE54FD /* AppDelegate.swift */,
				836E57AA2524536A00FE54FD /* SceneDelegate.swift */,
				836E57AC2524536A00FE54FD /* ContentView.swift */,
				836E57AE2524536E00FE54FD /* Assets.xcassets */,
				836E57B32524536E00FE54FD /* LaunchScreen.storyboard */,
				836E57B62524536E00FE54FD /* Info.plist */,
				836E57B02524536E00FE54FD /* Preview Content */,
				836E57BD252453F400FE54FD /* myWebView.swift */,
			);
			path = SwiftUI_Webview_tutorial;
			sourceTree = "<group>";
		};
		836E57B02524536E00FE54FD /* Preview Content */ = {
			isa = PBXGroup;
			children = (
				836E57B12524536E00FE54FD /* Preview Assets.xcassets */,
			);
			path = "Preview Content";
			sourceTree = "<group>";
		};
/* End PBXGroup section */

/* Begin PBXNativeTarget section */
		836E57A42524536A00FE54FD /* SwiftUI_Webview_tutorial */ = {
			isa = PBXNativeTarget;
			buildConfigurationList = 836E57B92524536E00FE54FD /* Build configuration list for PBXNativeTarget "SwiftUI_Webview_tutorial" */;
			buildPhases = (
				836E57A12524536A00FE54FD /* Sources */,
				836E57A22524536A00FE54FD /* Frameworks */,
				836E57A32524536A00FE54FD /* Resources */,
			);
			buildRules = (
			);
			dependencies = (
			);
			name = SwiftUI_Webview_tutorial;
			productName = SwiftUI_Webview_tutorial;
			productReference = 836E57A52524536A00FE54FD /* SwiftUI_Webview_tutorial.app */;
			productType = "com.apple.product-type.application";
		};
/* End PBXNativeTarget section */

/* Begin PBXProject section */
		836E579D2524536A00FE54FD /* Project object */ = {
			isa = PBXProject;
			attributes = {
				LastSwiftUpdateCheck = 1200;
				LastUpgradeCheck = 1200;
				TargetAttributes = {
					836E57A42524536A00FE54FD = {
						CreatedOnToolsVersion = 12.0.1;
					};
				};
			};
			buildConfigurationList = 836E57A02524536A00FE54FD /* Build configuration list for PBXProject "SwiftUI_Webview_tutorial" */;
			compatibilityVersion = "Xcode 9.3";
			developmentRegion = en;
			hasScannedForEncodings = 0;
			knownRegions = (
				en,
				Base,
			);
			mainGroup = 836E579C2524536A00FE54FD;
			productRefGroup = 836E57A62524536A00FE54FD /* Products */;
			projectDirPath = "";
			projectRoot = "";
			targets = (
				836E57A42524536A00FE54FD /* SwiftUI_Webview_tutorial */,
			);
		};
/* End PBXProject section */

/* Begin PBXResourcesBuildPhase section */
		836E57A32524536A00FE54FD /* Resources */ = {
			isa = PBXResourcesBuildPhase;
			buildActionMask = 2147483647;
			files = (
				836E57B52524536E00FE54FD /* LaunchScreen.storyboard in Resources */,
				836E57B22524536E00FE54FD /* Preview Assets.xcassets in Resources */,
				836E57AF2524536E00FE54FD /* Assets.xcassets in Resources */,
			);
			runOnlyForDeploymentPostprocessing = 0;
		};
/* End PBXResourcesBuildPhase section */

/* Begin PBXSourcesBuildPhase section */
		836E57A12524536A00FE54FD /* Sources */ = {
			isa = PBXSourcesBuildPhase;
			buildActionMask = 2147483647;
			files = (
				836E57A92524536A00FE54FD /* AppDelegate.swift in Sources */,
				836E57BE252453F400FE54FD /* myWebView.swift in Sources */,
				836E57AB2524536A00FE54FD /* SceneDelegate.swift in Sources */,
				836E57AD2524536A00FE54FD /* ContentView.swift in Sources */,
			);
			runOnlyForDeploymentPostprocessing = 0;
		};
/* End PBXSourcesBuildPhase section */

/* Begin PBXVariantGroup section */
		836E57B32524536E00FE54FD /* LaunchScreen.storyboard */ = {
			isa = PBXVariantGroup;
			children = (
				836E57B42524536E00FE54FD /* Base */,
			);
			name = LaunchScreen.storyboard;
			sourceTree = "<group>";
		};
/* End PBXVariantGroup section */

/* Begin XCBuildConfiguration section */
		836E57B72524536E00FE54FD /* Debug */ = {
			isa = XCBuildConfiguration;
			buildSettings = {
				ALWAYS_SEARCH_USER_PATHS = NO;
				CLANG_ANALYZER_NONNULL = YES;
				CLANG_ANALYZER_NUMBER_OBJECT_CONVERSION = YES_AGGRESSIVE;
				CLANG_CXX_LANGUAGE_STANDARD = "gnu++14";
				CLANG_CXX_LIBRARY = "libc++";
				CLANG_ENABLE_MODULES = YES;
				CLANG_ENABLE_OBJC_ARC = YES;
				CLANG_ENABLE_OBJC_WEAK = YES;
				CLANG_WARN_BLOCK_CAPTURE_AUTORELEASING = YES;
				CLANG_WARN_BOOL_CONVERSION = YES;
				CLANG_WARN_COMMA = YES;
				CLANG_WARN_CONSTANT_CONVERSION = YES;
				CLANG_WARN_DEPRECATED_OBJC_IMPLEMENTATIONS = YES;
				CLANG_WARN_DIRECT_OBJC_ISA_USAGE = YES_ERROR;
				CLANG_WARN_DOCUMENTATION_COMMENTS = YES;
				CLANG_WARN_EMPTY_BODY = YES;
				CLANG_WARN_ENUM_CONVERSION = YES;
				CLANG_WARN_INFINITE_RECURSION = YES;
				CLANG_WARN_INT_CONVERSION = YES;
				CLANG_WARN_NON_LITERAL_NULL_CONVERSION = YES;
				CLANG_WARN_OBJC_IMPLICIT_RETAIN_SELF = YES;
				CLANG_WARN_OBJC_LITERAL_CONVERSION = YES;
				CLANG_WARN_OBJC_ROOT_CLASS = YES_ERROR;
				CLANG_WARN_QUOTED_INCLUDE_IN_FRAMEWORK_HEADER = YES;
				CLANG_WARN_RANGE_LOOP_ANALYSIS = YES;
				CLANG_WARN_STRICT_PROTOTYPES = YES;
				CLANG_WARN_SUSPICIOUS_MOVE = YES;
				CLANG_WARN_UNGUARDED_AVAILABILITY = YES_AGGRESSIVE;
				CLANG_WARN_UNREACHABLE_CODE = YES;
				CLANG_WARN__DUPLICATE_METHOD_MATCH = YES;
				COPY_PHASE_STRIP = NO;
				DEBUG_INFORMATION_FORMAT = dwarf;
				ENABLE_STRICT_OBJC_MSGSEND = YES;
				ENABLE_TESTABILITY = YES;
				GCC_C_LANGUAGE_STANDARD = gnu11;
				GCC_DYNAMIC_NO_PIC = NO;
				GCC_NO_COMMON_BLOCKS = YES;
				GCC_OPTIMIZATION_LEVEL = 0;
				GCC_PREPROCESSOR_DEFINITIONS = (
					"DEBUG=1",
					"$(inherited)",
				);
				GCC_WARN_64_TO_32_BIT_CONVERSION = YES;
				GCC_WARN_ABOUT_RETURN_TYPE = YES_ERROR;
				GCC_WARN_UNDECLARED_SELECTOR = YES;
				GCC_WARN_UNINITIALIZED_AUTOS = YES_AGGRESSIVE;
				GCC_WARN_UNUSED_FUNCTION = YES;
				GCC_WARN_UNUSED_VARIABLE = YES;
				IPHONEOS_DEPLOYMENT_TARGET = 14.0;
				MTL_ENABLE_DEBUG_INFO = INCLUDE_SOURCE;
				MTL_FAST_MATH = YES;
				ONLY_ACTIVE_ARCH = YES;
				SDKROOT = iphoneos;
				SWIFT_ACTIVE_COMPILATION_CONDITIONS = DEBUG;
				SWIFT_OPTIMIZATION_LEVEL = "-Onone";
			};
			name = Debug;
		};
		836E57B82524536E00FE54FD /* Release */ = {
			isa = XCBuildConfiguration;
			buildSettings = {
				ALWAYS_SEARCH_USER_PATHS = NO;
				CLANG_ANALYZER_NONNULL = YES;
				CLANG_ANALYZER_NUMBER_OBJECT_CONVERSION = YES_AGGRESSIVE;
				CLANG_CXX_LANGUAGE_STANDARD = "gnu++14";
				CLANG_CXX_LIBRARY = "libc++";
				CLANG_ENABLE_MODULES = YES;
				CLANG_ENABLE_OBJC_ARC = YES;
				CLANG_ENABLE_OBJC_WEAK = YES;
				CLANG_WARN_BLOCK_CAPTURE_AUTORELEASING = YES;
				CLANG_WARN_BOOL_CONVERSION = YES;
				CLANG_WARN_COMMA = YES;
				CLANG_WARN_CONSTANT_CONVERSION = YES;
				CLANG_WARN_DEPRECATED_OBJC_IMPLEMENTATIONS = YES;
				CLANG_WARN_DIRECT_OBJC_ISA_USAGE = YES_ERROR;
				CLANG_WARN_DOCUMENTATION_COMMENTS = YES;
				CLANG_WARN_EMPTY_BODY = YES;
				CLANG_WARN_ENUM_CONVERSION = YES;
				CLANG_WARN_INFINITE_RECURSION = YES;
				CLANG_WARN_INT_CONVERSION = YES;
				CLANG_WARN_NON_LITERAL_NULL_CONVERSION = YES;
				CLANG_WARN_OBJC_IMPLICIT_RETAIN_SELF = YES;
				CLANG_WARN_OBJC_LITERAL_CONVERSION = YES;
				CLANG_WARN_OBJC_ROOT_CLASS = YES_ERROR;
				CLANG_WARN_QUOTED_INCLUDE_IN_FRAMEWORK_HEADER = YES;
				CLANG_WARN_RANGE_LOOP_ANALYSIS = YES;
				CLANG_WARN_STRICT_PROTOTYPES = YES;
				CLANG_WARN_SUSPICIOUS_MOVE = YES;
				CLANG_WARN_UNGUARDED_AVAILABILITY = YES_AGGRESSIVE;
				CLANG_WARN_UNREACHABLE_CODE = YES;
				CLANG_WARN__DUPLICATE_METHOD_MATCH = YES;
				COPY_PHASE_STRIP = NO;
				DEBUG_INFORMATION_FORMAT = "dwarf-with-dsym";
				ENABLE_NS_ASSERTIONS = NO;
				ENABLE_STRICT_OBJC_MSGSEND = YES;
				GCC_C_LANGUAGE_STANDARD = gnu11;
				GCC_NO_COMMON_BLOCKS = YES;
				GCC_WARN_64_TO_32_BIT_CONVERSION = YES;
				GCC_WARN_ABOUT_RETURN_TYPE = YES_ERROR;
				GCC_WARN_UNDECLARED_SELECTOR = YES;
				GCC_WARN_UNINITIALIZED_AUTOS = YES_AGGRESSIVE;
				GCC_WARN_UNUSED_FUNCTION = YES;
				GCC_WARN_UNUSED_VARIABLE = YES;
				IPHONEOS_DEPLOYMENT_TARGET = 14.0;
				MTL_ENABLE_DEBUG_INFO = NO;
				MTL_FAST_MATH = YES;
				SDKROOT = iphoneos;
				SWIFT_COMPILATION_MODE = wholemodule;
				SWIFT_OPTIMIZATION_LEVEL = "-O";
				VALIDATE_PRODUCT = YES;
			};
			name = Release;
		};
		836E57BA2524536E00FE54FD /* Debug */ = {
			isa = XCBuildConfiguration;
			buildSettings = {
				ASSETCATALOG_COMPILER_APPICON_NAME = AppIcon;
				ASSETCATALOG_COMPILER_GLOBAL_ACCENT_COLOR_NAME = AccentColor;
				CODE_SIGN_STYLE = Automatic;
				DEVELOPMENT_ASSET_PATHS = "\"SwiftUI_Webview_tutorial/Preview Content\"";
				DEVELOPMENT_TEAM = NTPUGYHR4M;
				ENABLE_PREVIEWS = YES;
				INFOPLIST_FILE = SwiftUI_Webview_tutorial/Info.plist;
				LD_RUNPATH_SEARCH_PATHS = (
					"$(inherited)",
					"@executable_path/Frameworks",
				);
				PRODUCT_BUNDLE_IDENTIFIER = "com.SwiftUI-Webview-tutorial";
				PRODUCT_NAME = "$(TARGET_NAME)";
				SWIFT_VERSION = 5.0;
				TARGETED_DEVICE_FAMILY = "1,2";
			};
			name = Debug;
		};
		836E57BB2524536E00FE54FD /* Release */ = {
			isa = XCBuildConfiguration;
			buildSettings = {
				ASSETCATALOG_COMPILER_APPICON_NAME = AppIcon;
				ASSETCATALOG_COMPILER_GLOBAL_ACCENT_COLOR_NAME = AccentColor;
				CODE_SIGN_STYLE = Automatic;
				DEVELOPMENT_ASSET_PATHS = "\"SwiftUI_Webview_tutorial/Preview Content\"";
				DEVELOPMENT_TEAM = NTPUGYHR4M;
				ENABLE_PREVIEWS = YES;
				INFOPLIST_FILE = SwiftUI_Webview_tutorial/Info.plist;
				LD_RUNPATH_SEARCH_PATHS = (
					"$(inherited)",
					"@executable_path/Frameworks",
				);
				PRODUCT_BUNDLE_IDENTIFIER = "com.SwiftUI-Webview-tutorial";
				PRODUCT_NAME = "$(TARGET_NAME)";
				SWIFT_VERSION = 5.0;
				TARGETED_DEVICE_FAMILY = "1,2";
			};
			name = Release;
		};
/* End XCBuildConfiguration section */

/* Begin XCConfigurationList section */
		836E57A02524536A00FE54FD /* Build configuration list for PBXProject "SwiftUI_Webview_tutorial" */ = {
			isa = XCConfigurationList;
			buildConfigurations = (
				836E57B72524536E00FE54FD /* Debug */,
				836E57B82524536E00FE54FD /* Release */,
			);
			defaultConfigurationIsVisible = 0;
			defaultConfigurationName = Release;
		};
		836E57B92524536E00FE54FD /* Build configuration list for PBXNativeTarget "SwiftUI_Webview_tutorial" */ = {
			isa = XCConfigurationList;
			buildConfigurations = (
				836E57BA2524536E00FE54FD /* Debug */,
				836E57BB2524536E00FE54FD /* Release */,
			);
			defaultConfigurationIsVisible = 0;
			defaultConfigurationName = Release;
		};
/* End XCConfigurationList section */
	};
	rootObject = 836E579D2524536A00FE54FD /* Project object */;
}
