// !$*UTF8*$!
{
	archiveVersion = 1;
	classes = {
	};
	objectVersion = 50;
	objects = {

/* Begin PBXBuildFile section */
		834ECEEF256D10D80024DE4F /* SwiftUI_Menu_tutorialApp.swift in Sources */ = {isa = PBXBuildFile; fileRef = 834ECEEE256D10D80024DE4F /* SwiftUI_Menu_tutorialApp.swift */; };
		834ECEF1256D10D80024DE4F /* ContentView.swift in Sources */ = {isa = PBXBuildFile; fileRef = 834ECEF0256D10D80024DE4F /* ContentView.swift */; };
		834ECEF3256D10DA0024DE4F /* Assets.xcassets in Resources */ = {isa = PBXBuildFile; fileRef = 834ECEF2256D10DA0024DE4F /* Assets.xcassets */; };
		834ECEF6256D10DA0024DE4F /* Preview Assets.xcassets in Resources */ = {isa = PBXBuildFile; fileRef = 834ECEF5256D10DA0024DE4F /* Preview Assets.xcassets */; };
/* End PBXBuildFile section */

/* Begin PBXFileReference section */
		834ECEEB256D10D80024DE4F /* SwiftUI_Menu_tutorial.app */ = {isa = PBXFileReference; explicitFileType = wrapper.application; includeInIndex = 0; path = SwiftUI_Menu_tutorial.app; sourceTree = BUILT_PRODUCTS_DIR; };
		834ECEEE256D10D80024DE4F /* SwiftUI_Menu_tutorialApp.swift */ = {isa = PBXFileReference; lastKnownFileType = sourcecode.swift; path = SwiftUI_Menu_tutorialApp.swift; sourceTree = "<group>"; };
		834ECEF0256D10D80024DE4F /* ContentView.swift */ = {isa = PBXFileReference; lastKnownFileType = sourcecode.swift; path = ContentView.swift; sourceTree = "<group>"; };
		834ECEF2256D10DA0024DE4F /* Assets.xcassets */ = {isa = PBXFileReference; lastKnownFileType = folder.assetcatalog; path = Assets.xcassets; sourceTree = "<group>"; };
		834ECEF5256D10DA0024DE4F /* Preview Assets.xcassets */ = {isa = PBXFileReference; lastKnownFileType = folder.assetcatalog; path = "Preview Assets.xcassets"; sourceTree = "<group>"; };
		834ECEF7256D10DA0024DE4F /* Info.plist */ = {isa = PBXFileReference; lastKnownFileType = text.plist.xml; path = Info.plist; sourceTree = "<group>"; };
/* End PBXFileReference section */

/* Begin PBXFrameworksBuildPhase section */
		834ECEE8256D10D80024DE4F /* Frameworks */ = {
			isa = PBXFrameworksBuildPhase;
			buildActionMask = 2147483647;
			files = (
			);
			runOnlyForDeploymentPostprocessing = 0;
		};
/* End PBXFrameworksBuildPhase section */

/* Begin PBXGroup section */
		834ECEE2256D10D80024DE4F = {
			isa = PBXGroup;
			children = (
				834ECEED256D10D80024DE4F /* SwiftUI_Menu_tutorial */,
				834ECEEC256D10D80024DE4F /* Products */,
			);
			sourceTree = "<group>";
		};
		834ECEEC256D10D80024DE4F /* Products */ = {
			isa = PBXGroup;
			children = (
				834ECEEB256D10D80024DE4F /* SwiftUI_Menu_tutorial.app */,
			);
			name = Products;
			sourceTree = "<group>";
		};
		834ECEED256D10D80024DE4F /* SwiftUI_Menu_tutorial */ = {
			isa = PBXGroup;
			children = (
				834ECEEE256D10D80024DE4F /* SwiftUI_Menu_tutorialApp.swift */,
				834ECEF0256D10D80024DE4F /* ContentView.swift */,
				834ECEF2256D10DA0024DE4F /* Assets.xcassets */,
				834ECEF7256D10DA0024DE4F /* Info.plist */,
				834ECEF4256D10DA0024DE4F /* Preview Content */,
			);
			path = SwiftUI_Menu_tutorial;
			sourceTree = "<group>";
		};
		834ECEF4256D10DA0024DE4F /* Preview Content */ = {
			isa = PBXGroup;
			children = (
				834ECEF5256D10DA0024DE4F /* Preview Assets.xcassets */,
			);
			path = "Preview Content";
			sourceTree = "<group>";
		};
/* End PBXGroup section */

/* Begin PBXNativeTarget section */
		834ECEEA256D10D80024DE4F /* SwiftUI_Menu_tutorial */ = {
			isa = PBXNativeTarget;
			buildConfigurationList = 834ECEFA256D10DA0024DE4F /* Build configuration list for PBXNativeTarget "SwiftUI_Menu_tutorial" */;
			buildPhases = (
				834ECEE7256D10D80024DE4F /* Sources */,
				834ECEE8256D10D80024DE4F /* Frameworks */,
				834ECEE9256D10D80024DE4F /* Resources */,
			);
			buildRules = (
			);
			dependencies = (
			);
			name = SwiftUI_Menu_tutorial;
			productName = SwiftUI_Menu_tutorial;
			productReference = 834ECEEB256D10D80024DE4F /* SwiftUI_Menu_tutorial.app */;
			productType = "com.apple.product-type.application";
		};
/* End PBXNativeTarget section */

/* Begin PBXProject section */
		834ECEE3256D10D80024DE4F /* Project object */ = {
			isa = PBXProject;
			attributes = {
				LastSwiftUpdateCheck = 1210;
				LastUpgradeCheck = 1210;
				TargetAttributes = {
					834ECEEA256D10D80024DE4F = {
						CreatedOnToolsVersion = 12.1;
					};
				};
			};
			buildConfigurationList = 834ECEE6256D10D80024DE4F /* Build configuration list for PBXProject "SwiftUI_Menu_tutorial" */;
			compatibilityVersion = "Xcode 9.3";
			developmentRegion = en;
			hasScannedForEncodings = 0;
			knownRegions = (
				en,
				Base,
			);
			mainGroup = 834ECEE2256D10D80024DE4F;
			productRefGroup = 834ECEEC256D10D80024DE4F /* Products */;
			projectDirPath = "";
			projectRoot = "";
			targets = (
				834ECEEA256D10D80024DE4F /* SwiftUI_Menu_tutorial */,
			);
		};
/* End PBXProject section */

/* Begin PBXResourcesBuildPhase section */
		834ECEE9256D10D80024DE4F /* Resources */ = {
			isa = PBXResourcesBuildPhase;
			buildActionMask = 2147483647;
			files = (
				834ECEF6256D10DA0024DE4F /* Preview Assets.xcassets in Resources */,
				834ECEF3256D10DA0024DE4F /* Assets.xcassets in Resources */,
			);
			runOnlyForDeploymentPostprocessing = 0;
		};
/* End PBXResourcesBuildPhase section */

/* Begin PBXSourcesBuildPhase section */
		834ECEE7256D10D80024DE4F /* Sources */ = {
			isa = PBXSourcesBuildPhase;
			buildActionMask = 2147483647;
			files = (
				834ECEF1256D10D80024DE4F /* ContentView.swift in Sources */,
				834ECEEF256D10D80024DE4F /* SwiftUI_Menu_tutorialApp.swift in Sources */,
			);
			runOnlyForDeploymentPostprocessing = 0;
		};
/* End PBXSourcesBuildPhase section */

/* Begin XCBuildConfiguration section */
		834ECEF8256D10DA0024DE4F /* Debug */ = {
			isa = XCBuildConfiguration;
			buildSettings = {
				ALWAYS_SEARCH_USER_PATHS = NO;
				CLANG_ANALYZER_NONNULL = YES;
				CLANG_ANALYZER_NUMBER_OBJECT_CONVERSION = YES_AGGRESSIVE;
				CLANG_CXX_LANGUAGE_STANDARD = "gnu++14";
				CLANG_CXX_LIBRARY = "libc++";
				CLANG_ENABLE_MODULES = YES;
				CLANG_ENABLE_OBJC_ARC = YES;
				CLANG_ENABLE_OBJC_WEAK = YES;
				CLANG_WARN_BLOCK_CAPTURE_AUTORELEASING = YES;
				CLANG_WARN_BOOL_CONVERSION = YES;
				CLANG_WARN_COMMA = YES;
				CLANG_WARN_CONSTANT_CONVERSION = YES;
				CLANG_WARN_DEPRECATED_OBJC_IMPLEMENTATIONS = YES;
				CLANG_WARN_DIRECT_OBJC_ISA_USAGE = YES_ERROR;
				CLANG_WARN_DOCUMENTATION_COMMENTS = YES;
				CLANG_WARN_EMPTY_BODY = YES;
				CLANG_WARN_ENUM_CONVERSION = YES;
				CLANG_WARN_INFINITE_RECURSION = YES;
				CLANG_WARN_INT_CONVERSION = YES;
				CLANG_WARN_NON_LITERAL_NULL_CONVERSION = YES;
				CLANG_WARN_OBJC_IMPLICIT_RETAIN_SELF = YES;
				CLANG_WARN_OBJC_LITERAL_CONVERSION = YES;
				CLANG_WARN_OBJC_ROOT_CLASS = YES_ERROR;
				CLANG_WARN_QUOTED_INCLUDE_IN_FRAMEWORK_HEADER = YES;
				CLANG_WARN_RANGE_LOOP_ANALYSIS = YES;
				CLANG_WARN_STRICT_PROTOTYPES = YES;
				CLANG_WARN_SUSPICIOUS_MOVE = YES;
				CLANG_WARN_UNGUARDED_AVAILABILITY = YES_AGGRESSIVE;
				CLANG_WARN_UNREACHABLE_CODE = YES;
				CLANG_WARN__DUPLICATE_METHOD_MATCH = YES;
				COPY_PHASE_STRIP = NO;
				DEBUG_INFORMATION_FORMAT = dwarf;
				ENABLE_STRICT_OBJC_MSGSEND = YES;
				ENABLE_TESTABILITY = YES;
				GCC_C_LANGUAGE_STANDARD = gnu11;
				GCC_DYNAMIC_NO_PIC = NO;
				GCC_NO_COMMON_BLOCKS = YES;
				GCC_OPTIMIZATION_LEVEL = 0;
				GCC_PREPROCESSOR_DEFINITIONS = (
					"DEBUG=1",
					"$(inherited)",
				);
				GCC_WARN_64_TO_32_BIT_CONVERSION = YES;
				GCC_WARN_ABOUT_RETURN_TYPE = YES_ERROR;
				GCC_WARN_UNDECLARED_SELECTOR = YES;
				GCC_WARN_UNINITIALIZED_AUTOS = YES_AGGRESSIVE;
				GCC_WARN_UNUSED_FUNCTION = YES;
				GCC_WARN_UNUSED_VARIABLE = YES;
				IPHONEOS_DEPLOYMENT_TARGET = 14.1;
				MTL_ENABLE_DEBUG_INFO = INCLUDE_SOURCE;
				MTL_FAST_MATH = YES;
				ONLY_ACTIVE_ARCH = YES;
				SDKROOT = iphoneos;
				SWIFT_ACTIVE_COMPILATION_CONDITIONS = DEBUG;
				SWIFT_OPTIMIZATION_LEVEL = "-Onone";
			};
			name = Debug;
		};
		834ECEF9256D10DA0024DE4F /* Release */ = {
			isa = XCBuildConfiguration;
			buildSettings = {
				ALWAYS_SEARCH_USER_PATHS = NO;
				CLANG_ANALYZER_NONNULL = YES;
				CLANG_ANALYZER_NUMBER_OBJECT_CONVERSION = YES_AGGRESSIVE;
				CLANG_CXX_LANGUAGE_STANDARD = "gnu++14";
				CLANG_CXX_LIBRARY = "libc++";
				CLANG_ENABLE_MODULES = YES;
				CLANG_ENABLE_OBJC_ARC = YES;
				CLANG_ENABLE_OBJC_WEAK = YES;
				CLANG_WARN_BLOCK_CAPTURE_AUTORELEASING = YES;
				CLANG_WARN_BOOL_CONVERSION = YES;
				CLANG_WARN_COMMA = YES;
				CLANG_WARN_CONSTANT_CONVERSION = YES;
				CLANG_WARN_DEPRECATED_OBJC_IMPLEMENTATIONS = YES;
				CLANG_WARN_DIRECT_OBJC_ISA_USAGE = YES_ERROR;
				CLANG_WARN_DOCUMENTATION_COMMENTS = YES;
				CLANG_WARN_EMPTY_BODY = YES;
				CLANG_WARN_ENUM_CONVERSION = YES;
				CLANG_WARN_INFINITE_RECURSION = YES;
				CLANG_WARN_INT_CONVERSION = YES;
				CLANG_WARN_NON_LITERAL_NULL_CONVERSION = YES;
				CLANG_WARN_OBJC_IMPLICIT_RETAIN_SELF = YES;
				CLANG_WARN_OBJC_LITERAL_CONVERSION = YES;
				CLANG_WARN_OBJC_ROOT_CLASS = YES_ERROR;
				CLANG_WARN_QUOTED_INCLUDE_IN_FRAMEWORK_HEADER = YES;
				CLANG_WARN_RANGE_LOOP_ANALYSIS = YES;
				CLANG_WARN_STRICT_PROTOTYPES = YES;
				CLANG_WARN_SUSPICIOUS_MOVE = YES;
				CLANG_WARN_UNGUARDED_AVAILABILITY = YES_AGGRESSIVE;
				CLANG_WARN_UNREACHABLE_CODE = YES;
				CLANG_WARN__DUPLICATE_METHOD_MATCH = YES;
				COPY_PHASE_STRIP = NO;
				DEBUG_INFORMATION_FORMAT = "dwarf-with-dsym";
				ENABLE_NS_ASSERTIONS = NO;
				ENABLE_STRICT_OBJC_MSGSEND = YES;
				GCC_C_LANGUAGE_STANDARD = gnu11;
				GCC_NO_COMMON_BLOCKS = YES;
				GCC_WARN_64_TO_32_BIT_CONVERSION = YES;
				GCC_WARN_ABOUT_RETURN_TYPE = YES_ERROR;
				GCC_WARN_UNDECLARED_SELECTOR = YES;
				GCC_WARN_UNINITIALIZED_AUTOS = YES_AGGRESSIVE;
				GCC_WARN_UNUSED_FUNCTION = YES;
				GCC_WARN_UNUSED_VARIABLE = YES;
				IPHONEOS_DEPLOYMENT_TARGET = 14.1;
				MTL_ENABLE_DEBUG_INFO = NO;
				MTL_FAST_MATH = YES;
				SDKROOT = iphoneos;
				SWIFT_COMPILATION_MODE = wholemodule;
				SWIFT_OPTIMIZATION_LEVEL = "-O";
				VALIDATE_PRODUCT = YES;
			};
			name = Release;
		};
		834ECEFB256D10DA0024DE4F /* Debug */ = {
			isa = XCBuildConfiguration;
			buildSettings = {
				ASSETCATALOG_COMPILER_APPICON_NAME = AppIcon;
				ASSETCATALOG_COMPILER_GLOBAL_ACCENT_COLOR_NAME = AccentColor;
				CODE_SIGN_STYLE = Automatic;
				DEVELOPMENT_ASSET_PATHS = "\"SwiftUI_Menu_tutorial/Preview Content\"";
				DEVELOPMENT_TEAM = NTPUGYHR4M;
				ENABLE_PREVIEWS = YES;
				INFOPLIST_FILE = SwiftUI_Menu_tutorial/Info.plist;
				IPHONEOS_DEPLOYMENT_TARGET = 14.0;
				LD_RUNPATH_SEARCH_PATHS = (
					"$(inherited)",
					"@executable_path/Frameworks",
				);
				PRODUCT_BUNDLE_IDENTIFIER = "com.SwiftUI-Menu-tutorial";
				PRODUCT_NAME = "$(TARGET_NAME)";
				SWIFT_VERSION = 5.0;
				TARGETED_DEVICE_FAMILY = "1,2";
			};
			name = Debug;
		};
		834ECEFC256D10DA0024DE4F /* Release */ = {
			isa = XCBuildConfiguration;
			buildSettings = {
				ASSETCATALOG_COMPILER_APPICON_NAME = AppIcon;
				ASSETCATALOG_COMPILER_GLOBAL_ACCENT_COLOR_NAME = AccentColor;
				CODE_SIGN_STYLE = Automatic;
				DEVELOPMENT_ASSET_PATHS = "\"SwiftUI_Menu_tutorial/Preview Content\"";
				DEVELOPMENT_TEAM = NTPUGYHR4M;
				ENABLE_PREVIEWS = YES;
				INFOPLIST_FILE = SwiftUI_Menu_tutorial/Info.plist;
				IPHONEOS_DEPLOYMENT_TARGET = 14.0;
				LD_RUNPATH_SEARCH_PATHS = (
					"$(inherited)",
					"@executable_path/Frameworks",
				);
				PRODUCT_BUNDLE_IDENTIFIER = "com.SwiftUI-Menu-tutorial";
				PRODUCT_NAME = "$(TARGET_NAME)";
				SWIFT_VERSION = 5.0;
				TARGETED_DEVICE_FAMILY = "1,2";
			};
			name = Release;
		};
/* End XCBuildConfiguration section */

/* Begin XCConfigurationList section */
		834ECEE6256D10D80024DE4F /* Build configuration list for PBXProject "SwiftUI_Menu_tutorial" */ = {
			isa = XCConfigurationList;
			buildConfigurations = (
				834ECEF8256D10DA0024DE4F /* Debug */,
				834ECEF9256D10DA0024DE4F /* Release */,
			);
			defaultConfigurationIsVisible = 0;
			defaultConfigurationName = Release;
		};
		834ECEFA256D10DA0024DE4F /* Build configuration list for PBXNativeTarget "SwiftUI_Menu_tutorial" */ = {
			isa = XCConfigurationList;
			buildConfigurations = (
				834ECEFB256D10DA0024DE4F /* Debug */,
				834ECEFC256D10DA0024DE4F /* Release */,
			);
			defaultConfigurationIsVisible = 0;
			defaultConfigurationName = Release;
		};
/* End XCConfigurationList section */
	};
	rootObject = 834ECEE3256D10D80024DE4F /* Project object */;
}
