// !$*UTF8*$!
{
	archiveVersion = 1;
	classes = {
	};
	objectVersion = 50;
	objects = {

/* Begin PBXBuildFile section */
		837D7ABF2527110E00752639 /* AppDelegate.swift in Sources */ = {isa = PBXBuildFile; fileRef = 837D7ABE2527110E00752639 /* AppDelegate.swift */; };
		837D7AC12527110E00752639 /* SceneDelegate.swift in Sources */ = {isa = PBXBuildFile; fileRef = 837D7AC02527110E00752639 /* SceneDelegate.swift */; };
		837D7AC32527110E00752639 /* ContentView.swift in Sources */ = {isa = PBXBuildFile; fileRef = 837D7AC22527110E00752639 /* ContentView.swift */; };
		837D7AC52527111400752639 /* Assets.xcassets in Resources */ = {isa = PBXBuildFile; fileRef = 837D7AC42527111400752639 /* Assets.xcassets */; };
		837D7AC82527111400752639 /* Preview Assets.xcassets in Resources */ = {isa = PBXBuildFile; fileRef = 837D7AC72527111400752639 /* Preview Assets.xcassets */; };
		837D7ACB2527111400752639 /* LaunchScreen.storyboard in Resources */ = {isa = PBXBuildFile; fileRef = 837D7AC92527111400752639 /* LaunchScreen.storyboard */; };
		837D7AD42527112900752639 /* CircleImageView.swift in Sources */ = {isa = PBXBuildFile; fileRef = 837D7AD32527112900752639 /* CircleImageView.swift */; };
		83C61EDA2529847800C47557 /* MyWebview.swift in Sources */ = {isa = PBXBuildFile; fileRef = 83C61ED92529847800C47557 /* MyWebview.swift */; };
/* End PBXBuildFile section */

/* Begin PBXFileReference section */
		837D7ABB2527110E00752639 /* SwiftUI_image_tutorial.app */ = {isa = PBXFileReference; explicitFileType = wrapper.application; includeInIndex = 0; path = SwiftUI_image_tutorial.app; sourceTree = BUILT_PRODUCTS_DIR; };
		837D7ABE2527110E00752639 /* AppDelegate.swift */ = {isa = PBXFileReference; lastKnownFileType = sourcecode.swift; path = AppDelegate.swift; sourceTree = "<group>"; };
		837D7AC02527110E00752639 /* SceneDelegate.swift */ = {isa = PBXFileReference; lastKnownFileType = sourcecode.swift; path = SceneDelegate.swift; sourceTree = "<group>"; };
		837D7AC22527110E00752639 /* ContentView.swift */ = {isa = PBXFileReference; lastKnownFileType = sourcecode.swift; path = ContentView.swift; sourceTree = "<group>"; };
		837D7AC42527111400752639 /* Assets.xcassets */ = {isa = PBXFileReference; lastKnownFileType = folder.assetcatalog; path = Assets.xcassets; sourceTree = "<group>"; };
		837D7AC72527111400752639 /* Preview Assets.xcassets */ = {isa = PBXFileReference; lastKnownFileType = folder.assetcatalog; path = "Preview Assets.xcassets"; sourceTree = "<group>"; };
		837D7ACA2527111400752639 /* Base */ = {isa = PBXFileReference; lastKnownFileType = file.storyboard; name = Base; path = Base.lproj/LaunchScreen.storyboard; sourceTree = "<group>"; };
		837D7ACC2527111400752639 /* Info.plist */ = {isa = PBXFileReference; lastKnownFileType = text.plist.xml; path = Info.plist; sourceTree = "<group>"; };
		837D7AD32527112900752639 /* CircleImageView.swift */ = {isa = PBXFileReference; lastKnownFileType = sourcecode.swift; path = CircleImageView.swift; sourceTree = "<group>"; };
		83C61ED92529847800C47557 /* MyWebview.swift */ = {isa = PBXFileReference; lastKnownFileType = sourcecode.swift; path = MyWebview.swift; sourceTree = "<group>"; };
/* End PBXFileReference section */

/* Begin PBXFrameworksBuildPhase section */
		837D7AB82527110E00752639 /* Frameworks */ = {
			isa = PBXFrameworksBuildPhase;
			buildActionMask = 2147483647;
			files = (
			);
			runOnlyForDeploymentPostprocessing = 0;
		};
/* End PBXFrameworksBuildPhase section */

/* Begin PBXGroup section */
		837D7AB22527110E00752639 = {
			isa = PBXGroup;
			children = (
				837D7ABD2527110E00752639 /* SwiftUI_image_tutorial */,
				837D7ABC2527110E00752639 /* Products */,
			);
			sourceTree = "<group>";
		};
		837D7ABC2527110E00752639 /* Products */ = {
			isa = PBXGroup;
			children = (
				837D7ABB2527110E00752639 /* SwiftUI_image_tutorial.app */,
			);
			name = Products;
			sourceTree = "<group>";
		};
		837D7ABD2527110E00752639 /* SwiftUI_image_tutorial */ = {
			isa = PBXGroup;
			children = (
				837D7ABE2527110E00752639 /* AppDelegate.swift */,
				837D7AC02527110E00752639 /* SceneDelegate.swift */,
				837D7AC22527110E00752639 /* ContentView.swift */,
				837D7AC42527111400752639 /* Assets.xcassets */,
				837D7AC92527111400752639 /* LaunchScreen.storyboard */,
				837D7ACC2527111400752639 /* Info.plist */,
				837D7AC62527111400752639 /* Preview Content */,
				837D7AD32527112900752639 /* CircleImageView.swift */,
				83C61ED92529847800C47557 /* MyWebview.swift */,
			);
			path = SwiftUI_image_tutorial;
			sourceTree = "<group>";
		};
		837D7AC62527111400752639 /* Preview Content */ = {
			isa = PBXGroup;
			children = (
				837D7AC72527111400752639 /* Preview Assets.xcassets */,
			);
			path = "Preview Content";
			sourceTree = "<group>";
		};
/* End PBXGroup section */

/* Begin PBXNativeTarget section */
		837D7ABA2527110E00752639 /* SwiftUI_image_tutorial */ = {
			isa = PBXNativeTarget;
			buildConfigurationList = 837D7ACF2527111400752639 /* Build configuration list for PBXNativeTarget "SwiftUI_image_tutorial" */;
			buildPhases = (
				837D7AB72527110E00752639 /* Sources */,
				837D7AB82527110E00752639 /* Frameworks */,
				837D7AB92527110E00752639 /* Resources */,
			);
			buildRules = (
			);
			dependencies = (
			);
			name = SwiftUI_image_tutorial;
			productName = SwiftUI_image_tutorial;
			productReference = 837D7ABB2527110E00752639 /* SwiftUI_image_tutorial.app */;
			productType = "com.apple.product-type.application";
		};
/* End PBXNativeTarget section */

/* Begin PBXProject section */
		837D7AB32527110E00752639 /* Project object */ = {
			isa = PBXProject;
			attributes = {
				LastSwiftUpdateCheck = 1200;
				LastUpgradeCheck = 1200;
				TargetAttributes = {
					837D7ABA2527110E00752639 = {
						CreatedOnToolsVersion = 12.0.1;
					};
				};
			};
			buildConfigurationList = 837D7AB62527110E00752639 /* Build configuration list for PBXProject "SwiftUI_image_tutorial" */;
			compatibilityVersion = "Xcode 9.3";
			developmentRegion = en;
			hasScannedForEncodings = 0;
			knownRegions = (
				en,
				Base,
			);
			mainGroup = 837D7AB22527110E00752639;
			productRefGroup = 837D7ABC2527110E00752639 /* Products */;
			projectDirPath = "";
			projectRoot = "";
			targets = (
				837D7ABA2527110E00752639 /* SwiftUI_image_tutorial */,
			);
		};
/* End PBXProject section */

/* Begin PBXResourcesBuildPhase section */
		837D7AB92527110E00752639 /* Resources */ = {
			isa = PBXResourcesBuildPhase;
			buildActionMask = 2147483647;
			files = (
				837D7ACB2527111400752639 /* LaunchScreen.storyboard in Resources */,
				837D7AC82527111400752639 /* Preview Assets.xcassets in Resources */,
				837D7AC52527111400752639 /* Assets.xcassets in Resources */,
			);
			runOnlyForDeploymentPostprocessing = 0;
		};
/* End PBXResourcesBuildPhase section */

/* Begin PBXSourcesBuildPhase section */
		837D7AB72527110E00752639 /* Sources */ = {
			isa = PBXSourcesBuildPhase;
			buildActionMask = 2147483647;
			files = (
				837D7AD42527112900752639 /* CircleImageView.swift in Sources */,
				837D7ABF2527110E00752639 /* AppDelegate.swift in Sources */,
				837D7AC12527110E00752639 /* SceneDelegate.swift in Sources */,
				837D7AC32527110E00752639 /* ContentView.swift in Sources */,
				83C61EDA2529847800C47557 /* MyWebview.swift in Sources */,
			);
			runOnlyForDeploymentPostprocessing = 0;
		};
/* End PBXSourcesBuildPhase section */

/* Begin PBXVariantGroup section */
		837D7AC92527111400752639 /* LaunchScreen.storyboard */ = {
			isa = PBXVariantGroup;
			children = (
				837D7ACA2527111400752639 /* Base */,
			);
			name = LaunchScreen.storyboard;
			sourceTree = "<group>";
		};
/* End PBXVariantGroup section */

/* Begin XCBuildConfiguration section */
		837D7ACD2527111400752639 /* Debug */ = {
			isa = XCBuildConfiguration;
			buildSettings = {
				ALWAYS_SEARCH_USER_PATHS = NO;
				CLANG_ANALYZER_NONNULL = YES;
				CLANG_ANALYZER_NUMBER_OBJECT_CONVERSION = YES_AGGRESSIVE;
				CLANG_CXX_LANGUAGE_STANDARD = "gnu++14";
				CLANG_CXX_LIBRARY = "libc++";
				CLANG_ENABLE_MODULES = YES;
				CLANG_ENABLE_OBJC_ARC = YES;
				CLANG_ENABLE_OBJC_WEAK = YES;
				CLANG_WARN_BLOCK_CAPTURE_AUTORELEASING = YES;
				CLANG_WARN_BOOL_CONVERSION = YES;
				CLANG_WARN_COMMA = YES;
				CLANG_WARN_CONSTANT_CONVERSION = YES;
				CLANG_WARN_DEPRECATED_OBJC_IMPLEMENTATIONS = YES;
				CLANG_WARN_DIRECT_OBJC_ISA_USAGE = YES_ERROR;
				CLANG_WARN_DOCUMENTATION_COMMENTS = YES;
				CLANG_WARN_EMPTY_BODY = YES;
				CLANG_WARN_ENUM_CONVERSION = YES;
				CLANG_WARN_INFINITE_RECURSION = YES;
				CLANG_WARN_INT_CONVERSION = YES;
				CLANG_WARN_NON_LITERAL_NULL_CONVERSION = YES;
				CLANG_WARN_OBJC_IMPLICIT_RETAIN_SELF = YES;
				CLANG_WARN_OBJC_LITERAL_CONVERSION = YES;
				CLANG_WARN_OBJC_ROOT_CLASS = YES_ERROR;
				CLANG_WARN_QUOTED_INCLUDE_IN_FRAMEWORK_HEADER = YES;
				CLANG_WARN_RANGE_LOOP_ANALYSIS = YES;
				CLANG_WARN_STRICT_PROTOTYPES = YES;
				CLANG_WARN_SUSPICIOUS_MOVE = YES;
				CLANG_WARN_UNGUARDED_AVAILABILITY = YES_AGGRESSIVE;
				CLANG_WARN_UNREACHABLE_CODE = YES;
				CLANG_WARN__DUPLICATE_METHOD_MATCH = YES;
				COPY_PHASE_STRIP = NO;
				DEBUG_INFORMATION_FORMAT = dwarf;
				ENABLE_STRICT_OBJC_MSGSEND = YES;
				ENABLE_TESTABILITY = YES;
				GCC_C_LANGUAGE_STANDARD = gnu11;
				GCC_DYNAMIC_NO_PIC = NO;
				GCC_NO_COMMON_BLOCKS = YES;
				GCC_OPTIMIZATION_LEVEL = 0;
				GCC_PREPROCESSOR_DEFINITIONS = (
					"DEBUG=1",
					"$(inherited)",
				);
				GCC_WARN_64_TO_32_BIT_CONVERSION = YES;
				GCC_WARN_ABOUT_RETURN_TYPE = YES_ERROR;
				GCC_WARN_UNDECLARED_SELECTOR = YES;
				GCC_WARN_UNINITIALIZED_AUTOS = YES_AGGRESSIVE;
				GCC_WARN_UNUSED_FUNCTION = YES;
				GCC_WARN_UNUSED_VARIABLE = YES;
				IPHONEOS_DEPLOYMENT_TARGET = 14.0;
				MTL_ENABLE_DEBUG_INFO = INCLUDE_SOURCE;
				MTL_FAST_MATH = YES;
				ONLY_ACTIVE_ARCH = YES;
				SDKROOT = iphoneos;
				SWIFT_ACTIVE_COMPILATION_CONDITIONS = DEBUG;
				SWIFT_OPTIMIZATION_LEVEL = "-Onone";
			};
			name = Debug;
		};
		837D7ACE2527111400752639 /* Release */ = {
			isa = XCBuildConfiguration;
			buildSettings = {
				ALWAYS_SEARCH_USER_PATHS = NO;
				CLANG_ANALYZER_NONNULL = YES;
				CLANG_ANALYZER_NUMBER_OBJECT_CONVERSION = YES_AGGRESSIVE;
				CLANG_CXX_LANGUAGE_STANDARD = "gnu++14";
				CLANG_CXX_LIBRARY = "libc++";
				CLANG_ENABLE_MODULES = YES;
				CLANG_ENABLE_OBJC_ARC = YES;
				CLANG_ENABLE_OBJC_WEAK = YES;
				CLANG_WARN_BLOCK_CAPTURE_AUTORELEASING = YES;
				CLANG_WARN_BOOL_CONVERSION = YES;
				CLANG_WARN_COMMA = YES;
				CLANG_WARN_CONSTANT_CONVERSION = YES;
				CLANG_WARN_DEPRECATED_OBJC_IMPLEMENTATIONS = YES;
				CLANG_WARN_DIRECT_OBJC_ISA_USAGE = YES_ERROR;
				CLANG_WARN_DOCUMENTATION_COMMENTS = YES;
				CLANG_WARN_EMPTY_BODY = YES;
				CLANG_WARN_ENUM_CONVERSION = YES;
				CLANG_WARN_INFINITE_RECURSION = YES;
				CLANG_WARN_INT_CONVERSION = YES;
				CLANG_WARN_NON_LITERAL_NULL_CONVERSION = YES;
				CLANG_WARN_OBJC_IMPLICIT_RETAIN_SELF = YES;
				CLANG_WARN_OBJC_LITERAL_CONVERSION = YES;
				CLANG_WARN_OBJC_ROOT_CLASS = YES_ERROR;
				CLANG_WARN_QUOTED_INCLUDE_IN_FRAMEWORK_HEADER = YES;
				CLANG_WARN_RANGE_LOOP_ANALYSIS = YES;
				CLANG_WARN_STRICT_PROTOTYPES = YES;
				CLANG_WARN_SUSPICIOUS_MOVE = YES;
				CLANG_WARN_UNGUARDED_AVAILABILITY = YES_AGGRESSIVE;
				CLANG_WARN_UNREACHABLE_CODE = YES;
				CLANG_WARN__DUPLICATE_METHOD_MATCH = YES;
				COPY_PHASE_STRIP = NO;
				DEBUG_INFORMATION_FORMAT = "dwarf-with-dsym";
				ENABLE_NS_ASSERTIONS = NO;
				ENABLE_STRICT_OBJC_MSGSEND = YES;
				GCC_C_LANGUAGE_STANDARD = gnu11;
				GCC_NO_COMMON_BLOCKS = YES;
				GCC_WARN_64_TO_32_BIT_CONVERSION = YES;
				GCC_WARN_ABOUT_RETURN_TYPE = YES_ERROR;
				GCC_WARN_UNDECLARED_SELECTOR = YES;
				GCC_WARN_UNINITIALIZED_AUTOS = YES_AGGRESSIVE;
				GCC_WARN_UNUSED_FUNCTION = YES;
				GCC_WARN_UNUSED_VARIABLE = YES;
				IPHONEOS_DEPLOYMENT_TARGET = 14.0;
				MTL_ENABLE_DEBUG_INFO = NO;
				MTL_FAST_MATH = YES;
				SDKROOT = iphoneos;
				SWIFT_COMPILATION_MODE = wholemodule;
				SWIFT_OPTIMIZATION_LEVEL = "-O";
				VALIDATE_PRODUCT = YES;
			};
			name = Release;
		};
		837D7AD02527111400752639 /* Debug */ = {
			isa = XCBuildConfiguration;
			buildSettings = {
				ASSETCATALOG_COMPILER_APPICON_NAME = AppIcon;
				ASSETCATALOG_COMPILER_GLOBAL_ACCENT_COLOR_NAME = AccentColor;
				CODE_SIGN_STYLE = Automatic;
				DEVELOPMENT_ASSET_PATHS = "\"SwiftUI_image_tutorial/Preview Content\"";
				DEVELOPMENT_TEAM = NTPUGYHR4M;
				ENABLE_PREVIEWS = YES;
				INFOPLIST_FILE = SwiftUI_image_tutorial/Info.plist;
				LD_RUNPATH_SEARCH_PATHS = (
					"$(inherited)",
					"@executable_path/Frameworks",
				);
				PRODUCT_BUNDLE_IDENTIFIER = "com.SwiftUI-image-tutorial";
				PRODUCT_NAME = "$(TARGET_NAME)";
				SWIFT_VERSION = 5.0;
				TARGETED_DEVICE_FAMILY = "1,2";
			};
			name = Debug;
		};
		837D7AD12527111400752639 /* Release */ = {
			isa = XCBuildConfiguration;
			buildSettings = {
				ASSETCATALOG_COMPILER_APPICON_NAME = AppIcon;
				ASSETCATALOG_COMPILER_GLOBAL_ACCENT_COLOR_NAME = AccentColor;
				CODE_SIGN_STYLE = Automatic;
				DEVELOPMENT_ASSET_PATHS = "\"SwiftUI_image_tutorial/Preview Content\"";
				DEVELOPMENT_TEAM = NTPUGYHR4M;
				ENABLE_PREVIEWS = YES;
				INFOPLIST_FILE = SwiftUI_image_tutorial/Info.plist;
				LD_RUNPATH_SEARCH_PATHS = (
					"$(inherited)",
					"@executable_path/Frameworks",
				);
				PRODUCT_BUNDLE_IDENTIFIER = "com.SwiftUI-image-tutorial";
				PRODUCT_NAME = "$(TARGET_NAME)";
				SWIFT_VERSION = 5.0;
				TARGETED_DEVICE_FAMILY = "1,2";
			};
			name = Release;
		};
/* End XCBuildConfiguration section */

/* Begin XCConfigurationList section */
		837D7AB62527110E00752639 /* Build configuration list for PBXProject "SwiftUI_image_tutorial" */ = {
			isa = XCConfigurationList;
			buildConfigurations = (
				837D7ACD2527111400752639 /* Debug */,
				837D7ACE2527111400752639 /* Release */,
			);
			defaultConfigurationIsVisible = 0;
			defaultConfigurationName = Release;
		};
		837D7ACF2527111400752639 /* Build configuration list for PBXNativeTarget "SwiftUI_image_tutorial" */ = {
			isa = XCConfigurationList;
			buildConfigurations = (
				837D7AD02527111400752639 /* Debug */,
				837D7AD12527111400752639 /* Release */,
			);
			defaultConfigurationIsVisible = 0;
			defaultConfigurationName = Release;
		};
/* End XCConfigurationList section */
	};
	rootObject = 837D7AB32527110E00752639 /* Project object */;
}
