// !$*UTF8*$!
{
	archiveVersion = 1;
	classes = {
	};
	objectVersion = 50;
	objects = {

/* Begin PBXBuildFile section */
		8366D310253F10C700C01F90 /* MyRotateButtonStyle.swift in Sources */ = {isa = PBXBuildFile; fileRef = 8366D30F253F10C700C01F90 /* MyRotateButtonStyle.swift */; };
		8366D313253F123400C01F90 /* MySmallerButtonStyle.swift in Sources */ = {isa = PBXBuildFile; fileRef = 8366D312253F123400C01F90 /* MySmallerButtonStyle.swift */; };
		8366D316253F12EB00C01F90 /* MyBlurButtonStyle.swift in Sources */ = {isa = PBXBuildFile; fileRef = 8366D315253F12EB00C01F90 /* MyBlurButtonStyle.swift */; };
		836FB3EC253EEBF200DA2399 /* AppDelegate.swift in Sources */ = {isa = PBXBuildFile; fileRef = 836FB3EB253EEBF200DA2399 /* AppDelegate.swift */; };
		836FB3EE253EEBF200DA2399 /* SceneDelegate.swift in Sources */ = {isa = PBXBuildFile; fileRef = 836FB3ED253EEBF200DA2399 /* SceneDelegate.swift */; };
		836FB3F0253EEBF200DA2399 /* ContentView.swift in Sources */ = {isa = PBXBuildFile; fileRef = 836FB3EF253EEBF200DA2399 /* ContentView.swift */; };
		836FB3F2253EEBF600DA2399 /* Assets.xcassets in Resources */ = {isa = PBXBuildFile; fileRef = 836FB3F1253EEBF600DA2399 /* Assets.xcassets */; };
		836FB3F5253EEBF600DA2399 /* Preview Assets.xcassets in Resources */ = {isa = PBXBuildFile; fileRef = 836FB3F4253EEBF600DA2399 /* Preview Assets.xcassets */; };
		836FB3F8253EEBF600DA2399 /* LaunchScreen.storyboard in Resources */ = {isa = PBXBuildFile; fileRef = 836FB3F6253EEBF600DA2399 /* LaunchScreen.storyboard */; };
		836FB401253EEC9E00DA2399 /* MyButtonStyle.swift in Sources */ = {isa = PBXBuildFile; fileRef = 836FB400253EEC9E00DA2399 /* MyButtonStyle.swift */; };
/* End PBXBuildFile section */

/* Begin PBXFileReference section */
		8366D30F253F10C700C01F90 /* MyRotateButtonStyle.swift */ = {isa = PBXFileReference; lastKnownFileType = sourcecode.swift; path = MyRotateButtonStyle.swift; sourceTree = "<group>"; };
		8366D312253F123400C01F90 /* MySmallerButtonStyle.swift */ = {isa = PBXFileReference; lastKnownFileType = sourcecode.swift; path = MySmallerButtonStyle.swift; sourceTree = "<group>"; };
		8366D315253F12EB00C01F90 /* MyBlurButtonStyle.swift */ = {isa = PBXFileReference; lastKnownFileType = sourcecode.swift; path = MyBlurButtonStyle.swift; sourceTree = "<group>"; };
		836FB3E8253EEBF200DA2399 /* SwfitUI_ButtonStyle.app */ = {isa = PBXFileReference; explicitFileType = wrapper.application; includeInIndex = 0; path = SwfitUI_ButtonStyle.app; sourceTree = BUILT_PRODUCTS_DIR; };
		836FB3EB253EEBF200DA2399 /* AppDelegate.swift */ = {isa = PBXFileReference; lastKnownFileType = sourcecode.swift; path = AppDelegate.swift; sourceTree = "<group>"; };
		836FB3ED253EEBF200DA2399 /* SceneDelegate.swift */ = {isa = PBXFileReference; lastKnownFileType = sourcecode.swift; path = SceneDelegate.swift; sourceTree = "<group>"; };
		836FB3EF253EEBF200DA2399 /* ContentView.swift */ = {isa = PBXFileReference; lastKnownFileType = sourcecode.swift; path = ContentView.swift; sourceTree = "<group>"; };
		836FB3F1253EEBF600DA2399 /* Assets.xcassets */ = {isa = PBXFileReference; lastKnownFileType = folder.assetcatalog; path = Assets.xcassets; sourceTree = "<group>"; };
		836FB3F4253EEBF600DA2399 /* Preview Assets.xcassets */ = {isa = PBXFileReference; lastKnownFileType = folder.assetcatalog; path = "Preview Assets.xcassets"; sourceTree = "<group>"; };
		836FB3F7253EEBF600DA2399 /* Base */ = {isa = PBXFileReference; lastKnownFileType = file.storyboard; name = Base; path = Base.lproj/LaunchScreen.storyboard; sourceTree = "<group>"; };
		836FB3F9253EEBF600DA2399 /* Info.plist */ = {isa = PBXFileReference; lastKnownFileType = text.plist.xml; path = Info.plist; sourceTree = "<group>"; };
		836FB400253EEC9E00DA2399 /* MyButtonStyle.swift */ = {isa = PBXFileReference; lastKnownFileType = sourcecode.swift; path = MyButtonStyle.swift; sourceTree = "<group>"; };
/* End PBXFileReference section */

/* Begin PBXFrameworksBuildPhase section */
		836FB3E5253EEBF200DA2399 /* Frameworks */ = {
			isa = PBXFrameworksBuildPhase;
			buildActionMask = 2147483647;
			files = (
			);
			runOnlyForDeploymentPostprocessing = 0;
		};
/* End PBXFrameworksBuildPhase section */

/* Begin PBXGroup section */
		836FB3DF253EEBF200DA2399 = {
			isa = PBXGroup;
			children = (
				836FB3EA253EEBF200DA2399 /* SwfitUI_ButtonStyle */,
				836FB3E9253EEBF200DA2399 /* Products */,
			);
			sourceTree = "<group>";
		};
		836FB3E9253EEBF200DA2399 /* Products */ = {
			isa = PBXGroup;
			children = (
				836FB3E8253EEBF200DA2399 /* SwfitUI_ButtonStyle.app */,
			);
			name = Products;
			sourceTree = "<group>";
		};
		836FB3EA253EEBF200DA2399 /* SwfitUI_ButtonStyle */ = {
			isa = PBXGroup;
			children = (
				836FB3EB253EEBF200DA2399 /* AppDelegate.swift */,
				836FB3ED253EEBF200DA2399 /* SceneDelegate.swift */,
				836FB3EF253EEBF200DA2399 /* ContentView.swift */,
				836FB400253EEC9E00DA2399 /* MyButtonStyle.swift */,
				8366D30F253F10C700C01F90 /* MyRotateButtonStyle.swift */,
				8366D312253F123400C01F90 /* MySmallerButtonStyle.swift */,
				8366D315253F12EB00C01F90 /* MyBlurButtonStyle.swift */,
				836FB3F1253EEBF600DA2399 /* Assets.xcassets */,
				836FB3F6253EEBF600DA2399 /* LaunchScreen.storyboard */,
				836FB3F9253EEBF600DA2399 /* Info.plist */,
				836FB3F3253EEBF600DA2399 /* Preview Content */,
			);
			path = SwfitUI_ButtonStyle;
			sourceTree = "<group>";
		};
		836FB3F3253EEBF600DA2399 /* Preview Content */ = {
			isa = PBXGroup;
			children = (
				836FB3F4253EEBF600DA2399 /* Preview Assets.xcassets */,
			);
			path = "Preview Content";
			sourceTree = "<group>";
		};
/* End PBXGroup section */

/* Begin PBXNativeTarget section */
		836FB3E7253EEBF200DA2399 /* SwfitUI_ButtonStyle */ = {
			isa = PBXNativeTarget;
			buildConfigurationList = 836FB3FC253EEBF600DA2399 /* Build configuration list for PBXNativeTarget "SwfitUI_ButtonStyle" */;
			buildPhases = (
				836FB3E4253EEBF200DA2399 /* Sources */,
				836FB3E5253EEBF200DA2399 /* Frameworks */,
				836FB3E6253EEBF200DA2399 /* Resources */,
			);
			buildRules = (
			);
			dependencies = (
			);
			name = SwfitUI_ButtonStyle;
			productName = SwfitUI_ButtonStyle;
			productReference = 836FB3E8253EEBF200DA2399 /* SwfitUI_ButtonStyle.app */;
			productType = "com.apple.product-type.application";
		};
/* End PBXNativeTarget section */

/* Begin PBXProject section */
		836FB3E0253EEBF200DA2399 /* Project object */ = {
			isa = PBXProject;
			attributes = {
				LastSwiftUpdateCheck = 1200;
				LastUpgradeCheck = 1200;
				TargetAttributes = {
					836FB3E7253EEBF200DA2399 = {
						CreatedOnToolsVersion = 12.0.1;
					};
				};
			};
			buildConfigurationList = 836FB3E3253EEBF200DA2399 /* Build configuration list for PBXProject "SwfitUI_ButtonStyle" */;
			compatibilityVersion = "Xcode 9.3";
			developmentRegion = en;
			hasScannedForEncodings = 0;
			knownRegions = (
				en,
				Base,
			);
			mainGroup = 836FB3DF253EEBF200DA2399;
			productRefGroup = 836FB3E9253EEBF200DA2399 /* Products */;
			projectDirPath = "";
			projectRoot = "";
			targets = (
				836FB3E7253EEBF200DA2399 /* SwfitUI_ButtonStyle */,
			);
		};
/* End PBXProject section */

/* Begin PBXResourcesBuildPhase section */
		836FB3E6253EEBF200DA2399 /* Resources */ = {
			isa = PBXResourcesBuildPhase;
			buildActionMask = 2147483647;
			files = (
				836FB3F8253EEBF600DA2399 /* LaunchScreen.storyboard in Resources */,
				836FB3F5253EEBF600DA2399 /* Preview Assets.xcassets in Resources */,
				836FB3F2253EEBF600DA2399 /* Assets.xcassets in Resources */,
			);
			runOnlyForDeploymentPostprocessing = 0;
		};
/* End PBXResourcesBuildPhase section */

/* Begin PBXSourcesBuildPhase section */
		836FB3E4253EEBF200DA2399 /* Sources */ = {
			isa = PBXSourcesBuildPhase;
			buildActionMask = 2147483647;
			files = (
				8366D313253F123400C01F90 /* MySmallerButtonStyle.swift in Sources */,
				836FB3EC253EEBF200DA2399 /* AppDelegate.swift in Sources */,
				836FB401253EEC9E00DA2399 /* MyButtonStyle.swift in Sources */,
				8366D316253F12EB00C01F90 /* MyBlurButtonStyle.swift in Sources */,
				836FB3EE253EEBF200DA2399 /* SceneDelegate.swift in Sources */,
				836FB3F0253EEBF200DA2399 /* ContentView.swift in Sources */,
				8366D310253F10C700C01F90 /* MyRotateButtonStyle.swift in Sources */,
			);
			runOnlyForDeploymentPostprocessing = 0;
		};
/* End PBXSourcesBuildPhase section */

/* Begin PBXVariantGroup section */
		836FB3F6253EEBF600DA2399 /* LaunchScreen.storyboard */ = {
			isa = PBXVariantGroup;
			children = (
				836FB3F7253EEBF600DA2399 /* Base */,
			);
			name = LaunchScreen.storyboard;
			sourceTree = "<group>";
		};
/* End PBXVariantGroup section */

/* Begin XCBuildConfiguration section */
		836FB3FA253EEBF600DA2399 /* Debug */ = {
			isa = XCBuildConfiguration;
			buildSettings = {
				ALWAYS_SEARCH_USER_PATHS = NO;
				CLANG_ANALYZER_NONNULL = YES;
				CLANG_ANALYZER_NUMBER_OBJECT_CONVERSION = YES_AGGRESSIVE;
				CLANG_CXX_LANGUAGE_STANDARD = "gnu++14";
				CLANG_CXX_LIBRARY = "libc++";
				CLANG_ENABLE_MODULES = YES;
				CLANG_ENABLE_OBJC_ARC = YES;
				CLANG_ENABLE_OBJC_WEAK = YES;
				CLANG_WARN_BLOCK_CAPTURE_AUTORELEASING = YES;
				CLANG_WARN_BOOL_CONVERSION = YES;
				CLANG_WARN_COMMA = YES;
				CLANG_WARN_CONSTANT_CONVERSION = YES;
				CLANG_WARN_DEPRECATED_OBJC_IMPLEMENTATIONS = YES;
				CLANG_WARN_DIRECT_OBJC_ISA_USAGE = YES_ERROR;
				CLANG_WARN_DOCUMENTATION_COMMENTS = YES;
				CLANG_WARN_EMPTY_BODY = YES;
				CLANG_WARN_ENUM_CONVERSION = YES;
				CLANG_WARN_INFINITE_RECURSION = YES;
				CLANG_WARN_INT_CONVERSION = YES;
				CLANG_WARN_NON_LITERAL_NULL_CONVERSION = YES;
				CLANG_WARN_OBJC_IMPLICIT_RETAIN_SELF = YES;
				CLANG_WARN_OBJC_LITERAL_CONVERSION = YES;
				CLANG_WARN_OBJC_ROOT_CLASS = YES_ERROR;
				CLANG_WARN_QUOTED_INCLUDE_IN_FRAMEWORK_HEADER = YES;
				CLANG_WARN_RANGE_LOOP_ANALYSIS = YES;
				CLANG_WARN_STRICT_PROTOTYPES = YES;
				CLANG_WARN_SUSPICIOUS_MOVE = YES;
				CLANG_WARN_UNGUARDED_AVAILABILITY = YES_AGGRESSIVE;
				CLANG_WARN_UNREACHABLE_CODE = YES;
				CLANG_WARN__DUPLICATE_METHOD_MATCH = YES;
				COPY_PHASE_STRIP = NO;
				DEBUG_INFORMATION_FORMAT = dwarf;
				ENABLE_STRICT_OBJC_MSGSEND = YES;
				ENABLE_TESTABILITY = YES;
				GCC_C_LANGUAGE_STANDARD = gnu11;
				GCC_DYNAMIC_NO_PIC = NO;
				GCC_NO_COMMON_BLOCKS = YES;
				GCC_OPTIMIZATION_LEVEL = 0;
				GCC_PREPROCESSOR_DEFINITIONS = (
					"DEBUG=1",
					"$(inherited)",
				);
				GCC_WARN_64_TO_32_BIT_CONVERSION = YES;
				GCC_WARN_ABOUT_RETURN_TYPE = YES_ERROR;
				GCC_WARN_UNDECLARED_SELECTOR = YES;
				GCC_WARN_UNINITIALIZED_AUTOS = YES_AGGRESSIVE;
				GCC_WARN_UNUSED_FUNCTION = YES;
				GCC_WARN_UNUSED_VARIABLE = YES;
				IPHONEOS_DEPLOYMENT_TARGET = 14.0;
				MTL_ENABLE_DEBUG_INFO = INCLUDE_SOURCE;
				MTL_FAST_MATH = YES;
				ONLY_ACTIVE_ARCH = YES;
				SDKROOT = iphoneos;
				SWIFT_ACTIVE_COMPILATION_CONDITIONS = DEBUG;
				SWIFT_OPTIMIZATION_LEVEL = "-Onone";
			};
			name = Debug;
		};
		836FB3FB253EEBF600DA2399 /* Release */ = {
			isa = XCBuildConfiguration;
			buildSettings = {
				ALWAYS_SEARCH_USER_PATHS = NO;
				CLANG_ANALYZER_NONNULL = YES;
				CLANG_ANALYZER_NUMBER_OBJECT_CONVERSION = YES_AGGRESSIVE;
				CLANG_CXX_LANGUAGE_STANDARD = "gnu++14";
				CLANG_CXX_LIBRARY = "libc++";
				CLANG_ENABLE_MODULES = YES;
				CLANG_ENABLE_OBJC_ARC = YES;
				CLANG_ENABLE_OBJC_WEAK = YES;
				CLANG_WARN_BLOCK_CAPTURE_AUTORELEASING = YES;
				CLANG_WARN_BOOL_CONVERSION = YES;
				CLANG_WARN_COMMA = YES;
				CLANG_WARN_CONSTANT_CONVERSION = YES;
				CLANG_WARN_DEPRECATED_OBJC_IMPLEMENTATIONS = YES;
				CLANG_WARN_DIRECT_OBJC_ISA_USAGE = YES_ERROR;
				CLANG_WARN_DOCUMENTATION_COMMENTS = YES;
				CLANG_WARN_EMPTY_BODY = YES;
				CLANG_WARN_ENUM_CONVERSION = YES;
				CLANG_WARN_INFINITE_RECURSION = YES;
				CLANG_WARN_INT_CONVERSION = YES;
				CLANG_WARN_NON_LITERAL_NULL_CONVERSION = YES;
				CLANG_WARN_OBJC_IMPLICIT_RETAIN_SELF = YES;
				CLANG_WARN_OBJC_LITERAL_CONVERSION = YES;
				CLANG_WARN_OBJC_ROOT_CLASS = YES_ERROR;
				CLANG_WARN_QUOTED_INCLUDE_IN_FRAMEWORK_HEADER = YES;
				CLANG_WARN_RANGE_LOOP_ANALYSIS = YES;
				CLANG_WARN_STRICT_PROTOTYPES = YES;
				CLANG_WARN_SUSPICIOUS_MOVE = YES;
				CLANG_WARN_UNGUARDED_AVAILABILITY = YES_AGGRESSIVE;
				CLANG_WARN_UNREACHABLE_CODE = YES;
				CLANG_WARN__DUPLICATE_METHOD_MATCH = YES;
				COPY_PHASE_STRIP = NO;
				DEBUG_INFORMATION_FORMAT = "dwarf-with-dsym";
				ENABLE_NS_ASSERTIONS = NO;
				ENABLE_STRICT_OBJC_MSGSEND = YES;
				GCC_C_LANGUAGE_STANDARD = gnu11;
				GCC_NO_COMMON_BLOCKS = YES;
				GCC_WARN_64_TO_32_BIT_CONVERSION = YES;
				GCC_WARN_ABOUT_RETURN_TYPE = YES_ERROR;
				GCC_WARN_UNDECLARED_SELECTOR = YES;
				GCC_WARN_UNINITIALIZED_AUTOS = YES_AGGRESSIVE;
				GCC_WARN_UNUSED_FUNCTION = YES;
				GCC_WARN_UNUSED_VARIABLE = YES;
				IPHONEOS_DEPLOYMENT_TARGET = 14.0;
				MTL_ENABLE_DEBUG_INFO = NO;
				MTL_FAST_MATH = YES;
				SDKROOT = iphoneos;
				SWIFT_COMPILATION_MODE = wholemodule;
				SWIFT_OPTIMIZATION_LEVEL = "-O";
				VALIDATE_PRODUCT = YES;
			};
			name = Release;
		};
		836FB3FD253EEBF600DA2399 /* Debug */ = {
			isa = XCBuildConfiguration;
			buildSettings = {
				ASSETCATALOG_COMPILER_APPICON_NAME = AppIcon;
				ASSETCATALOG_COMPILER_GLOBAL_ACCENT_COLOR_NAME = AccentColor;
				CODE_SIGN_STYLE = Automatic;
				DEVELOPMENT_ASSET_PATHS = "\"SwfitUI_ButtonStyle/Preview Content\"";
				DEVELOPMENT_TEAM = NTPUGYHR4M;
				ENABLE_PREVIEWS = YES;
				INFOPLIST_FILE = SwfitUI_ButtonStyle/Info.plist;
				LD_RUNPATH_SEARCH_PATHS = (
					"$(inherited)",
					"@executable_path/Frameworks",
				);
				PRODUCT_BUNDLE_IDENTIFIER = "com.SwfitUI-ButtonStyle";
				PRODUCT_NAME = "$(TARGET_NAME)";
				SWIFT_VERSION = 5.0;
				TARGETED_DEVICE_FAMILY = "1,2";
			};
			name = Debug;
		};
		836FB3FE253EEBF600DA2399 /* Release */ = {
			isa = XCBuildConfiguration;
			buildSettings = {
				ASSETCATALOG_COMPILER_APPICON_NAME = AppIcon;
				ASSETCATALOG_COMPILER_GLOBAL_ACCENT_COLOR_NAME = AccentColor;
				CODE_SIGN_STYLE = Automatic;
				DEVELOPMENT_ASSET_PATHS = "\"SwfitUI_ButtonStyle/Preview Content\"";
				DEVELOPMENT_TEAM = NTPUGYHR4M;
				ENABLE_PREVIEWS = YES;
				INFOPLIST_FILE = SwfitUI_ButtonStyle/Info.plist;
				LD_RUNPATH_SEARCH_PATHS = (
					"$(inherited)",
					"@executable_path/Frameworks",
				);
				PRODUCT_BUNDLE_IDENTIFIER = "com.SwfitUI-ButtonStyle";
				PRODUCT_NAME = "$(TARGET_NAME)";
				SWIFT_VERSION = 5.0;
				TARGETED_DEVICE_FAMILY = "1,2";
			};
			name = Release;
		};
/* End XCBuildConfiguration section */

/* Begin XCConfigurationList section */
		836FB3E3253EEBF200DA2399 /* Build configuration list for PBXProject "SwfitUI_ButtonStyle" */ = {
			isa = XCConfigurationList;
			buildConfigurations = (
				836FB3FA253EEBF600DA2399 /* Debug */,
				836FB3FB253EEBF600DA2399 /* Release */,
			);
			defaultConfigurationIsVisible = 0;
			defaultConfigurationName = Release;
		};
		836FB3FC253EEBF600DA2399 /* Build configuration list for PBXNativeTarget "SwfitUI_ButtonStyle" */ = {
			isa = XCConfigurationList;
			buildConfigurations = (
				836FB3FD253EEBF600DA2399 /* Debug */,
				836FB3FE253EEBF600DA2399 /* Release */,
			);
			defaultConfigurationIsVisible = 0;
			defaultConfigurationName = Release;
		};
/* End XCConfigurationList section */
	};
	rootObject = 836FB3E0253EEBF200DA2399 /* Project object */;
}
